<?xml version="1.0" encoding="utf-8"?>
<Project ToolsVersion="4.0" xmlns="http://schemas.microsoft.com/developer/msbuild/2003">
  <ItemGroup>
    <Filter Include="App">
      <UniqueIdentifier>{5718fd60-e5af-4796-8b47-63ccc47cb275}</UniqueIdentifier>
    </Filter>
    <Filter Include="GameEngine">
      <UniqueIdentifier>{1376d419-6fca-4ad8-a9a0-24af1afa1a4b}</UniqueIdentifier>
    </Filter>
    <Filter Include="GameEngine\GraphicsEngine">
      <UniqueIdentifier>{e602cbaf-1066-4595-bb27-caaaffb3c49d}</UniqueIdentifier>
    </Filter>
    <Filter Include="GameEngine\GraphicsEngine\RenderSystem">
      <UniqueIdentifier>{f02ca04f-ca48-41e9-a48d-e486cef11077}</UniqueIdentifier>
    </Filter>
    <Filter Include="GameEngine\GraphicsEngine\RenderSystem\DeviceContext">
      <UniqueIdentifier>{2345ed3e-ff28-4aed-8943-7f229838528e}</UniqueIdentifier>
    </Filter>
    <Filter Include="GameEngine\GraphicsEngine\RenderSystem\IndexBuffer">
      <UniqueIdentifier>{52ce4ad7-b7be-480b-a241-a535c025bffa}</UniqueIdentifier>
    </Filter>
    <Filter Include="GameEngine\GraphicsEngine\RenderSystem\VertexShader">
      <UniqueIdentifier>{58b0de93-8d9d-4879-b058-344bd3f359ed}</UniqueIdentifier>
    </Filter>
    <Filter Include="GameEngine\GraphicsEngine\RenderSystem\VertexBuffer">
      <UniqueIdentifier>{c839a2f7-5d9b-427d-9e7f-6d010725c864}</UniqueIdentifier>
    </Filter>
    <Filter Include="GameEngine\GraphicsEngine\RenderSystem\SwapChain">
      <UniqueIdentifier>{27b00ab6-e368-456e-bd10-117d17652f4e}</UniqueIdentifier>
    </Filter>
    <Filter Include="GameEngine\GraphicsEngine\RenderSystem\PixelShader">
      <UniqueIdentifier>{47f03f11-4a21-4c63-9619-f5a1b1a89d30}</UniqueIdentifier>
    </Filter>
    <Filter Include="GameEngine\GraphicsEngine\ResourceManager">
      <UniqueIdentifier>{73a7ba65-06a6-4c9a-a479-6552faab2df6}</UniqueIdentifier>
    </Filter>
    <Filter Include="GameEngine\GraphicsEngine\ResourceManager\MeshManager">
      <UniqueIdentifier>{f6ff6945-c823-4386-afa0-4441c37f2121}</UniqueIdentifier>
    </Filter>
    <Filter Include="GameEngine\GraphicsEngine\ResourceManager\TextureManager">
      <UniqueIdentifier>{efbb7c80-1970-4f20-99e9-b3b173155e0b}</UniqueIdentifier>
    </Filter>
    <Filter Include="GameEngine\Math">
      <UniqueIdentifier>{b518e765-a344-4c3d-abc7-cff8c8fb341b}</UniqueIdentifier>
    </Filter>
    <Filter Include="GameEngine\WindowingSystem">
      <UniqueIdentifier>{880e6aca-3648-4268-9b52-4dc0dc2febc8}</UniqueIdentifier>
    </Filter>
    <Filter Include="GameEngine\GraphicsEngine\GameObjectManager">
      <UniqueIdentifier>{9a9ebffc-a3a6-49d3-aaa4-afd36687cfc9}</UniqueIdentifier>
    </Filter>
    <Filter Include="GameEngine\GraphicsEngine\RenderSystem\ConstantBuffer">
      <UniqueIdentifier>{34fed4c4-9991-4104-8aae-0df069710290}</UniqueIdentifier>
    </Filter>
    <Filter Include="GameEngine\Helpers">
      <UniqueIdentifier>{2c2bc4d0-314c-4e7b-a1d0-b52f7fcb0455}</UniqueIdentifier>
    </Filter>
    <Filter Include="GameEngine\CameraSystem">
      <UniqueIdentifier>{c3cfe7e7-239e-4524-97d0-ca3d88986247}</UniqueIdentifier>
    </Filter>
    <Filter Include="GameEngine\EngineTime">
      <UniqueIdentifier>{c076a23a-b417-4a6b-a7d1-c7936f43c99e}</UniqueIdentifier>
    </Filter>
    <Filter Include="GameEngine\InputSystem">
      <UniqueIdentifier>{ccb9efbe-c695-4492-a396-661efba5cf2f}</UniqueIdentifier>
    </Filter>
    <Filter Include="GameEngine\UISystem">
      <UniqueIdentifier>{0216f19f-2285-4201-ba56-868a18d5baa3}</UniqueIdentifier>
    </Filter>
    <Filter Include="GameEngine\GraphicsEngine\Shaders">
      <UniqueIdentifier>{5d559447-4883-461c-9fcc-4162fd24765b}</UniqueIdentifier>
    </Filter>
    <Filter Include="GameEngine\ComponentSystem">
      <UniqueIdentifier>{6fff3617-a055-4150-b0df-cf8d8348b7ee}</UniqueIdentifier>
    </Filter>
    <Filter Include="GameEngine\ComponentSystem\PhysicsSystem">
      <UniqueIdentifier>{9dee2917-a4a9-43dd-b534-d55a84c1f0d1}</UniqueIdentifier>
    </Filter>
    <Filter Include="GameEngine\GraphicsEngine\GameObjectManager\MergedActors">
      <UniqueIdentifier>{24ffe624-0b92-4c7f-bd6d-ca6a1a2d4945}</UniqueIdentifier>
    </Filter>
    <Filter Include="GameEngine\GraphicsEngine\GameObjectManager\Primitives">
      <UniqueIdentifier>{9278982d-363b-4b64-89df-e115062127b7}</UniqueIdentifier>
    </Filter>
    <Filter Include="GameEngine\Backend">
      <UniqueIdentifier>{487e62ec-199e-45c8-9131-4443e84704e6}</UniqueIdentifier>
    </Filter>
  </ItemGroup>
  <ItemGroup>
    <ClCompile Include="AppWindow.cpp">
      <Filter>App</Filter>
    </ClCompile>
    <ClCompile Include="main.cpp">
      <Filter>App</Filter>
    </ClCompile>
    <ClCompile Include="GraphicsEngine.cpp">
      <Filter>GameEngine\GraphicsEngine</Filter>
    </ClCompile>
    <ClCompile Include="AGameObject.cpp">
      <Filter>GameEngine\GraphicsEngine\GameObjectManager</Filter>
    </ClCompile>
    <ClCompile Include="UIManager.cpp">
      <Filter>GameEngine\UISystem</Filter>
    </ClCompile>
    <ClCompile Include="HierarchyScreen.cpp">
      <Filter>GameEngine\UISystem</Filter>
    </ClCompile>
    <ClCompile Include="MenuScreen.cpp">
      <Filter>GameEngine\UISystem</Filter>
    </ClCompile>
    <ClCompile Include="AUIScreen.cpp">
      <Filter>GameEngine\UISystem</Filter>
    </ClCompile>
    <ClCompile Include="Camera.cpp">
      <Filter>GameEngine\CameraSystem</Filter>
    </ClCompile>
    <ClCompile Include="SceneCameraHandler.cpp">
      <Filter>GameEngine\CameraSystem</Filter>
    </ClCompile>
    <ClCompile Include="ConstantBuffer.cpp">
      <Filter>GameEngine\GraphicsEngine\RenderSystem\ConstantBuffer</Filter>
    </ClCompile>
    <ClCompile Include="TexturedVertexBuffer.cpp">
      <Filter>GameEngine\GraphicsEngine\RenderSystem\VertexBuffer</Filter>
    </ClCompile>
    <ClCompile Include="VertexBuffer.cpp">
      <Filter>GameEngine\GraphicsEngine\RenderSystem\VertexBuffer</Filter>
    </ClCompile>
    <ClCompile Include="DeviceContext.cpp">
      <Filter>GameEngine\GraphicsEngine\RenderSystem\DeviceContext</Filter>
    </ClCompile>
    <ClCompile Include="EngineTime.cpp">
      <Filter>GameEngine\EngineTime</Filter>
    </ClCompile>
    <ClCompile Include="IndexBuffer.cpp">
      <Filter>GameEngine\GraphicsEngine\RenderSystem\IndexBuffer</Filter>
    </ClCompile>
    <ClCompile Include="ResourceManager.cpp">
      <Filter>GameEngine\GraphicsEngine\ResourceManager</Filter>
    </ClCompile>
    <ClCompile Include="Resource.cpp">
      <Filter>GameEngine\GraphicsEngine\ResourceManager</Filter>
    </ClCompile>
    <ClCompile Include="Texture.cpp">
      <Filter>GameEngine\GraphicsEngine\ResourceManager\TextureManager</Filter>
    </ClCompile>
    <ClCompile Include="TextureManager.cpp">
      <Filter>GameEngine\GraphicsEngine\ResourceManager\TextureManager</Filter>
    </ClCompile>
    <ClCompile Include="InputSystem.cpp">
      <Filter>GameEngine\InputSystem</Filter>
    </ClCompile>
    <ClCompile Include="PixelShader.cpp">
      <Filter>GameEngine\GraphicsEngine\RenderSystem\PixelShader</Filter>
    </ClCompile>
    <ClCompile Include="SwapChain.cpp">
      <Filter>GameEngine\GraphicsEngine\RenderSystem\SwapChain</Filter>
    </ClCompile>
    <ClCompile Include="VertexShader.cpp">
      <Filter>GameEngine\GraphicsEngine\RenderSystem\VertexShader</Filter>
    </ClCompile>
    <ClCompile Include="Window.cpp">
      <Filter>GameEngine\WindowingSystem</Filter>
    </ClCompile>
    <ClCompile Include="imgui.cpp">
      <Filter>GameEngine\Helpers</Filter>
    </ClCompile>
    <ClCompile Include="imgui_demo.cpp">
      <Filter>GameEngine\Helpers</Filter>
    </ClCompile>
    <ClCompile Include="imgui_draw.cpp">
      <Filter>GameEngine\Helpers</Filter>
    </ClCompile>
    <ClCompile Include="imgui_impl_dx11.cpp">
      <Filter>GameEngine\Helpers</Filter>
    </ClCompile>
    <ClCompile Include="imgui_impl_win32.cpp">
      <Filter>GameEngine\Helpers</Filter>
    </ClCompile>
    <ClCompile Include="imgui_tables.cpp">
      <Filter>GameEngine\Helpers</Filter>
    </ClCompile>
    <ClCompile Include="imgui_widgets.cpp">
      <Filter>GameEngine\Helpers</Filter>
    </ClCompile>
    <ClCompile Include="Mesh.cpp">
      <Filter>GameEngine\GraphicsEngine\ResourceManager\MeshManager</Filter>
    </ClCompile>
    <ClCompile Include="MeshManager.cpp">
      <Filter>GameEngine\GraphicsEngine\ResourceManager\MeshManager</Filter>
    </ClCompile>
    <ClCompile Include="PhysicsSystem.cpp">
      <Filter>GameEngine\ComponentSystem\PhysicsSystem</Filter>
    </ClCompile>
    <ClCompile Include="PhysicsComponent.cpp">
      <Filter>GameEngine\ComponentSystem\PhysicsSystem</Filter>
    </ClCompile>
    <ClCompile Include="AComponent.cpp">
      <Filter>GameEngine\ComponentSystem</Filter>
    </ClCompile>
    <ClCompile Include="BaseComponentSystem.cpp">
      <Filter>GameEngine\ComponentSystem</Filter>
    </ClCompile>
    <ClCompile Include="MergedActor.cpp">
      <Filter>GameEngine\GraphicsEngine\GameObjectManager\MergedActors</Filter>
    </ClCompile>
    <ClCompile Include="OutlineGizmo.cpp">
      <Filter>GameEngine\GraphicsEngine\GameObjectManager\MergedActors</Filter>
    </ClCompile>
    <ClCompile Include="Cube.cpp">
      <Filter>GameEngine\GraphicsEngine\GameObjectManager\Primitives</Filter>
    </ClCompile>
    <ClCompile Include="Plane.cpp">
      <Filter>GameEngine\GraphicsEngine\GameObjectManager\Primitives</Filter>
    </ClCompile>
    <ClCompile Include="GameObjectManager.cpp">
      <Filter>GameEngine\GraphicsEngine\GameObjectManager</Filter>
    </ClCompile>
    <ClCompile Include="Sphere.cpp">
      <Filter>GameEngine\GraphicsEngine\GameObjectManager\Primitives</Filter>
    </ClCompile>
    <ClCompile Include="InspectorScreen.cpp">
      <Filter>GameEngine\UISystem</Filter>
    </ClCompile>
    <ClCompile Include="SceneControlsScreen.cpp">
      <Filter>GameEngine\UISystem</Filter>
    </ClCompile>
    <ClCompile Include="EngineBackend.cpp">
      <Filter>GameEngine\Backend</Filter>
    </ClCompile>
    <ClCompile Include="DebugScreen.cpp" />
    <ClCompile Include="Capsule.cpp">
      <Filter>GameEngine\GraphicsEngine\GameObjectManager\Primitives</Filter>
    </ClCompile>
  </ItemGroup>
  <ItemGroup>
    <ClInclude Include="AppWindow.h">
      <Filter>App</Filter>
    </ClInclude>
    <ClInclude Include="GraphicsEngine.h">
      <Filter>GameEngine\GraphicsEngine</Filter>
    </ClInclude>
    <ClInclude Include="AGameObject.h">
      <Filter>GameEngine\GraphicsEngine\GameObjectManager</Filter>
    </ClInclude>
    <ClInclude Include="AUIScreen.h">
      <Filter>GameEngine\UISystem</Filter>
    </ClInclude>
    <ClInclude Include="UIManager.h">
      <Filter>GameEngine\UISystem</Filter>
    </ClInclude>
    <ClInclude Include="MenuScreen.h">
      <Filter>GameEngine\UISystem</Filter>
    </ClInclude>
    <ClInclude Include="HierarchyScreen.h">
      <Filter>GameEngine\UISystem</Filter>
    </ClInclude>
    <ClInclude Include="Camera.h">
      <Filter>GameEngine\CameraSystem</Filter>
    </ClInclude>
    <ClInclude Include="SceneCameraHandler.h">
      <Filter>GameEngine\CameraSystem</Filter>
    </ClInclude>
    <ClInclude Include="ConstantBuffer.h">
      <Filter>GameEngine\GraphicsEngine\RenderSystem\ConstantBuffer</Filter>
    </ClInclude>
    <ClInclude Include="VertexBuffer.h">
      <Filter>GameEngine\GraphicsEngine\RenderSystem\VertexBuffer</Filter>
    </ClInclude>
    <ClInclude Include="TexturedVertexBuffer.h">
      <Filter>GameEngine\GraphicsEngine\RenderSystem\VertexBuffer</Filter>
    </ClInclude>
    <ClInclude Include="DeviceContext.h">
      <Filter>GameEngine\GraphicsEngine\RenderSystem\DeviceContext</Filter>
    </ClInclude>
    <ClInclude Include="EngineTime.h">
      <Filter>GameEngine\EngineTime</Filter>
    </ClInclude>
    <ClInclude Include="IndexBuffer.h">
      <Filter>GameEngine\GraphicsEngine\RenderSystem\IndexBuffer</Filter>
    </ClInclude>
    <ClInclude Include="Resource.h">
      <Filter>GameEngine\GraphicsEngine\ResourceManager</Filter>
    </ClInclude>
    <ClInclude Include="ResourceManager.h">
      <Filter>GameEngine\GraphicsEngine\ResourceManager</Filter>
    </ClInclude>
    <ClInclude Include="TextureManager.h">
      <Filter>GameEngine\GraphicsEngine\ResourceManager\TextureManager</Filter>
    </ClInclude>
    <ClInclude Include="Texture.h">
      <Filter>GameEngine\GraphicsEngine\ResourceManager\TextureManager</Filter>
    </ClInclude>
    <ClInclude Include="InputSystem.h">
      <Filter>GameEngine\InputSystem</Filter>
    </ClInclude>
    <ClInclude Include="InputListener.h">
      <Filter>GameEngine\InputSystem</Filter>
    </ClInclude>
    <ClInclude Include="PixelShader.h">
      <Filter>GameEngine\GraphicsEngine\RenderSystem\PixelShader</Filter>
    </ClInclude>
    <ClInclude Include="SwapChain.h">
      <Filter>GameEngine\GraphicsEngine\RenderSystem\SwapChain</Filter>
    </ClInclude>
    <ClInclude Include="VertexShader.h">
      <Filter>GameEngine\GraphicsEngine\RenderSystem\VertexShader</Filter>
    </ClInclude>
    <ClInclude Include="Window.h">
      <Filter>GameEngine\WindowingSystem</Filter>
    </ClInclude>
    <ClInclude Include="Matrix4x4.h">
      <Filter>GameEngine\Math</Filter>
    </ClInclude>
    <ClInclude Include="Point.h">
      <Filter>GameEngine\Math</Filter>
    </ClInclude>
    <ClInclude Include="Vector2D.h">
      <Filter>GameEngine\Math</Filter>
    </ClInclude>
    <ClInclude Include="Vector3D.h">
      <Filter>GameEngine\Math</Filter>
    </ClInclude>
    <ClInclude Include="Vector4D.h">
      <Filter>GameEngine\Math</Filter>
    </ClInclude>
    <ClInclude Include="stb_image.h">
      <Filter>GameEngine\Helpers</Filter>
    </ClInclude>
    <ClInclude Include="imconfig.h">
      <Filter>GameEngine\Helpers</Filter>
    </ClInclude>
    <ClInclude Include="imgui.h">
      <Filter>GameEngine\Helpers</Filter>
    </ClInclude>
    <ClInclude Include="imgui_impl_dx11.h">
      <Filter>GameEngine\Helpers</Filter>
    </ClInclude>
    <ClInclude Include="imgui_impl_win32.h">
      <Filter>GameEngine\Helpers</Filter>
    </ClInclude>
    <ClInclude Include="imgui_internal.h">
      <Filter>GameEngine\Helpers</Filter>
    </ClInclude>
    <ClInclude Include="imstb_rectpack.h">
      <Filter>GameEngine\Helpers</Filter>
    </ClInclude>
    <ClInclude Include="imstb_textedit.h">
      <Filter>GameEngine\Helpers</Filter>
    </ClInclude>
    <ClInclude Include="imstb_truetype.h">
      <Filter>GameEngine\Helpers</Filter>
    </ClInclude>
    <ClInclude Include="Prerequisites.h">
      <Filter>GameEngine\Helpers</Filter>
    </ClInclude>
    <ClInclude Include="Mesh.h">
      <Filter>GameEngine\GraphicsEngine\ResourceManager\MeshManager</Filter>
    </ClInclude>
    <ClInclude Include="MeshManager.h">
      <Filter>GameEngine\GraphicsEngine\ResourceManager\MeshManager</Filter>
    </ClInclude>
    <ClInclude Include="VertexMesh.h">
      <Filter>GameEngine\Math</Filter>
    </ClInclude>
    <ClInclude Include="PhysicsSystem.h">
      <Filter>GameEngine\ComponentSystem\PhysicsSystem</Filter>
    </ClInclude>
    <ClInclude Include="PhysicsComponent.h">
      <Filter>GameEngine\ComponentSystem\PhysicsSystem</Filter>
    </ClInclude>
    <ClInclude Include="AComponent.h">
      <Filter>GameEngine\ComponentSystem</Filter>
    </ClInclude>
    <ClInclude Include="BaseComponentSystem.h">
      <Filter>GameEngine\ComponentSystem</Filter>
    </ClInclude>
    <ClInclude Include="OutlineGizmo.h">
      <Filter>GameEngine\GraphicsEngine\GameObjectManager\MergedActors</Filter>
    </ClInclude>
    <ClInclude Include="MergedActor.h">
      <Filter>GameEngine\GraphicsEngine\GameObjectManager\MergedActors</Filter>
    </ClInclude>
    <ClInclude Include="Cube.h">
      <Filter>GameEngine\GraphicsEngine\GameObjectManager\Primitives</Filter>
    </ClInclude>
    <ClInclude Include="Plane.h">
      <Filter>GameEngine\GraphicsEngine\GameObjectManager\Primitives</Filter>
    </ClInclude>
    <ClInclude Include="GameObjectManager.h">
      <Filter>GameEngine\GraphicsEngine\GameObjectManager</Filter>
    </ClInclude>
    <ClInclude Include="Sphere.h">
      <Filter>GameEngine\GraphicsEngine\GameObjectManager\Primitives</Filter>
    </ClInclude>
    <ClInclude Include="InspectorScreen.h">
      <Filter>GameEngine\UISystem</Filter>
    </ClInclude>
    <ClInclude Include="SceneControlsScreen.h">
      <Filter>GameEngine\UISystem</Filter>
    </ClInclude>
    <ClInclude Include="EngineBackend.h">
      <Filter>GameEngine\Backend</Filter>
    </ClInclude>
    <ClInclude Include="DebugScreen.h" />
    <ClInclude Include="Capsule.h">
      <Filter>GameEngine\GraphicsEngine\GameObjectManager\Primitives</Filter>
    </ClInclude>
  </ItemGroup>
  <ItemGroup>
    <None Include="CppProperties.json">
      <Filter>GameEngine\Helpers</Filter>
    </None>
    <None Include="imgui.ini">
      <Filter>GameEngine\Helpers</Filter>
    </None>
  </ItemGroup>
  <ItemGroup>
    <FxCompile Include="TexturedPixelShader.hlsl">
      <Filter>GameEngine\GraphicsEngine\Shaders</Filter>
    </FxCompile>
    <FxCompile Include="TexturedVertexShader.hlsl">
      <Filter>GameEngine\GraphicsEngine\Shaders</Filter>
    </FxCompile>
    <FxCompile Include="PixelShader.hlsl">
      <Filter>GameEngine\GraphicsEngine\Shaders</Filter>
    </FxCompile>
    <FxCompile Include="VertexShader.hlsl">
      <Filter>GameEngine\GraphicsEngine\Shaders</Filter>
    </FxCompile>
    <FxCompile Include="VertexMeshLayoutShader.hlsl">
      <Filter>GameEngine\GraphicsEngine\Shaders</Filter>
    </FxCompile>
  </ItemGroup>
</Project>